
Microsoft Visual Studio Solution File, Format Version 11.00
# Visual Studio 2010
Project("{8BC9CEB8-8B4A-11D0-8D11-00A0C91BC942}") = "DdpyIme", "DdpyIme\DdpyIme.vcxproj", "{46A1324E-68B9-4382-9EB5-363366F47821}"
EndProject
Project("{F184B08F-C81C-45F6-A57F-5ABD9991F28F}") = "DdpyCom", "DdpyCom\DdpyCom.vbproj", "{B53AA007-2B5C-4E89-B726-D03F8CC74D17}"
EndProject
Project("{F184B08F-C81C-45F6-A57F-5ABD9991F28F}") = "DdpySrv", "DdpySrv\DdpySrv.vbproj", "{B0EED501-B016-4FB2-9AC9-B830B42A0D06}"
EndProject
Project("{F184B08F-C81C-45F6-A57F-5ABD9991F28F}") = "DdpyCfg", "DdpyCfg\DdpyCfg.vbproj", "{496C2D63-FF3A-4D81-8E26-20D53E92D723}"
EndProject
Project("{F184B08F-C81C-45F6-A57F-5ABD9991F28F}") = "DdpyInstaller", "DdpyInstaller\DdpyInstaller.vbproj", "{F6423666-DBA6-4E38-9C97-458B8EF43F72}"
EndProject
Project("{8BC9CEB8-8B4A-11D0-8D11-00A0C91BC942}") = "DdpyTsf", "DdpyTsf\DdpyTsf.vcxproj", "{9D4756D3-50DE-4A6E-A3D8-59A009C960CF}"
EndProject
Project("{54435603-DBB4-11D2-8724-00A0C9A8B90C}") = "SetupX86", "SetupX86\SetupX86.vdproj", "{460AEC53-9881-4D64-8974-02238624D44C}"
EndProject
Project("{8BC9CEB8-8B4A-11D0-8D11-00A0C91BC942}") = "SetupDdpy", "SetupDdpy\SetupDdpy.vcxproj", "{35852216-D1C8-4D12-954B-C2EAB3FB34F8}"
EndProject
Project("{54435603-DBB4-11D2-8724-00A0C9A8B90C}") = "SetupX64", "SetupX64\SetupX64.vdproj", "{DCF3DF7F-E8D3-4E20-A8FF-E53891D0E6A0}"
EndProject
Project("{F184B08F-C81C-45F6-A57F-5ABD9991F28F}") = "Tools", "Tools\Tools.vbproj", "{BA75CD94-7CE3-4CC3-ADF7-6D0183B5977B}"
EndProject
Global
	GlobalSection(SolutionConfigurationPlatforms) = preSolution
		Debug|Any CPU = Debug|Any CPU
		Debug|Mixed Platforms = Debug|Mixed Platforms
		Debug|Win32 = Debug|Win32
		Debug|x64 = Debug|x64
		Debug|x86 = Debug|x86
		Release|Any CPU = Release|Any CPU
		Release|Mixed Platforms = Release|Mixed Platforms
		Release|Win32 = Release|Win32
		Release|x64 = Release|x64
		Release|x86 = Release|x86
	EndGlobalSection
	GlobalSection(ProjectConfigurationPlatforms) = postSolution
		{46A1324E-68B9-4382-9EB5-363366F47821}.Debug|Any CPU.ActiveCfg = Debug|Win32
		{46A1324E-68B9-4382-9EB5-363366F47821}.Debug|Mixed Platforms.ActiveCfg = Debug|x64
		{46A1324E-68B9-4382-9EB5-363366F47821}.Debug|Mixed Platforms.Build.0 = Debug|x64
		{46A1324E-68B9-4382-9EB5-363366F47821}.Debug|Win32.ActiveCfg = Debug|Win32
		{46A1324E-68B9-4382-9EB5-363366F47821}.Debug|Win32.Build.0 = Debug|Win32
		{46A1324E-68B9-4382-9EB5-363366F47821}.Debug|x64.ActiveCfg = Debug|x64
		{46A1324E-68B9-4382-9EB5-363366F47821}.Debug|x64.Build.0 = Debug|x64
		{46A1324E-68B9-4382-9EB5-363366F47821}.Debug|x86.ActiveCfg = Debug|Win32
		{46A1324E-68B9-4382-9EB5-363366F47821}.Release|Any CPU.ActiveCfg = Release|Win32
		{46A1324E-68B9-4382-9EB5-363366F47821}.Release|Mixed Platforms.ActiveCfg = Release|x64
		{46A1324E-68B9-4382-9EB5-363366F47821}.Release|Mixed Platforms.Build.0 = Release|x64
		{46A1324E-68B9-4382-9EB5-363366F47821}.Release|Win32.ActiveCfg = Release|Win32
		{46A1324E-68B9-4382-9EB5-363366F47821}.Release|Win32.Build.0 = Release|Win32
		{46A1324E-68B9-4382-9EB5-363366F47821}.Release|x64.ActiveCfg = Release|x64
		{46A1324E-68B9-4382-9EB5-363366F47821}.Release|x64.Build.0 = Release|x64
		{46A1324E-68B9-4382-9EB5-363366F47821}.Release|x86.ActiveCfg = Release|Win32
		{B53AA007-2B5C-4E89-B726-D03F8CC74D17}.Debug|Any CPU.ActiveCfg = Debug|Any CPU
		{B53AA007-2B5C-4E89-B726-D03F8CC74D17}.Debug|Any CPU.Build.0 = Debug|Any CPU
		{B53AA007-2B5C-4E89-B726-D03F8CC74D17}.Debug|Mixed Platforms.ActiveCfg = Debug|x86
		{B53AA007-2B5C-4E89-B726-D03F8CC74D17}.Debug|Mixed Platforms.Build.0 = Debug|x86
		{B53AA007-2B5C-4E89-B726-D03F8CC74D17}.Debug|Win32.ActiveCfg = Debug|Any CPU
		{B53AA007-2B5C-4E89-B726-D03F8CC74D17}.Debug|x64.ActiveCfg = Debug|x64
		{B53AA007-2B5C-4E89-B726-D03F8CC74D17}.Debug|x64.Build.0 = Debug|x64
		{B53AA007-2B5C-4E89-B726-D03F8CC74D17}.Debug|x86.ActiveCfg = Debug|Any CPU
		{B53AA007-2B5C-4E89-B726-D03F8CC74D17}.Release|Any CPU.ActiveCfg = Release|Any CPU
		{B53AA007-2B5C-4E89-B726-D03F8CC74D17}.Release|Any CPU.Build.0 = Release|Any CPU
		{B53AA007-2B5C-4E89-B726-D03F8CC74D17}.Release|Mixed Platforms.ActiveCfg = Release|Any CPU
		{B53AA007-2B5C-4E89-B726-D03F8CC74D17}.Release|Mixed Platforms.Build.0 = Release|Any CPU
		{B53AA007-2B5C-4E89-B726-D03F8CC74D17}.Release|Win32.ActiveCfg = Release|Any CPU
		{B53AA007-2B5C-4E89-B726-D03F8CC74D17}.Release|Win32.Build.0 = Release|Any CPU
		{B53AA007-2B5C-4E89-B726-D03F8CC74D17}.Release|x64.ActiveCfg = Release|x64
		{B53AA007-2B5C-4E89-B726-D03F8CC74D17}.Release|x64.Build.0 = Release|x64
		{B53AA007-2B5C-4E89-B726-D03F8CC74D17}.Release|x86.ActiveCfg = Release|x86
		{B0EED501-B016-4FB2-9AC9-B830B42A0D06}.Debug|Any CPU.ActiveCfg = Debug|x86
		{B0EED501-B016-4FB2-9AC9-B830B42A0D06}.Debug|Mixed Platforms.ActiveCfg = Debug|x86
		{B0EED501-B016-4FB2-9AC9-B830B42A0D06}.Debug|Mixed Platforms.Build.0 = Debug|x86
		{B0EED501-B016-4FB2-9AC9-B830B42A0D06}.Debug|Win32.ActiveCfg = Debug|x86
		{B0EED501-B016-4FB2-9AC9-B830B42A0D06}.Debug|x64.ActiveCfg = Debug|x64
		{B0EED501-B016-4FB2-9AC9-B830B42A0D06}.Debug|x64.Build.0 = Debug|x64
		{B0EED501-B016-4FB2-9AC9-B830B42A0D06}.Debug|x86.ActiveCfg = Debug|x86
		{B0EED501-B016-4FB2-9AC9-B830B42A0D06}.Debug|x86.Build.0 = Debug|x86
		{B0EED501-B016-4FB2-9AC9-B830B42A0D06}.Release|Any CPU.ActiveCfg = Release|x86
		{B0EED501-B016-4FB2-9AC9-B830B42A0D06}.Release|Mixed Platforms.ActiveCfg = Release|x64
		{B0EED501-B016-4FB2-9AC9-B830B42A0D06}.Release|Mixed Platforms.Build.0 = Release|x64
		{B0EED501-B016-4FB2-9AC9-B830B42A0D06}.Release|Win32.ActiveCfg = Release|Any CPU
		{B0EED501-B016-4FB2-9AC9-B830B42A0D06}.Release|Win32.Build.0 = Release|Any CPU
		{B0EED501-B016-4FB2-9AC9-B830B42A0D06}.Release|x64.ActiveCfg = Release|x64
		{B0EED501-B016-4FB2-9AC9-B830B42A0D06}.Release|x64.Build.0 = Release|x64
		{B0EED501-B016-4FB2-9AC9-B830B42A0D06}.Release|x86.ActiveCfg = Release|x86
		{B0EED501-B016-4FB2-9AC9-B830B42A0D06}.Release|x86.Build.0 = Release|x86
		{496C2D63-FF3A-4D81-8E26-20D53E92D723}.Debug|Any CPU.ActiveCfg = Debug|x86
		{496C2D63-FF3A-4D81-8E26-20D53E92D723}.Debug|Mixed Platforms.ActiveCfg = Debug|x86
		{496C2D63-FF3A-4D81-8E26-20D53E92D723}.Debug|Mixed Platforms.Build.0 = Debug|x86
		{496C2D63-FF3A-4D81-8E26-20D53E92D723}.Debug|Win32.ActiveCfg = Debug|x86
		{496C2D63-FF3A-4D81-8E26-20D53E92D723}.Debug|x64.ActiveCfg = Debug|x64
		{496C2D63-FF3A-4D81-8E26-20D53E92D723}.Debug|x64.Build.0 = Debug|x64
		{496C2D63-FF3A-4D81-8E26-20D53E92D723}.Debug|x86.ActiveCfg = Debug|x86
		{496C2D63-FF3A-4D81-8E26-20D53E92D723}.Debug|x86.Build.0 = Debug|x86
		{496C2D63-FF3A-4D81-8E26-20D53E92D723}.Release|Any CPU.ActiveCfg = Release|Any CPU
		{496C2D63-FF3A-4D81-8E26-20D53E92D723}.Release|Mixed Platforms.ActiveCfg = Release|Any CPU
		{496C2D63-FF3A-4D81-8E26-20D53E92D723}.Release|Mixed Platforms.Build.0 = Release|Any CPU
		{496C2D63-FF3A-4D81-8E26-20D53E92D723}.Release|Win32.ActiveCfg = Release|Any CPU
		{496C2D63-FF3A-4D81-8E26-20D53E92D723}.Release|Win32.Build.0 = Release|Any CPU
		{496C2D63-FF3A-4D81-8E26-20D53E92D723}.Release|x64.ActiveCfg = Release|x64
		{496C2D63-FF3A-4D81-8E26-20D53E92D723}.Release|x64.Build.0 = Release|x64
		{496C2D63-FF3A-4D81-8E26-20D53E92D723}.Release|x86.ActiveCfg = Release|x86
		{496C2D63-FF3A-4D81-8E26-20D53E92D723}.Release|x86.Build.0 = Release|x86
		{F6423666-DBA6-4E38-9C97-458B8EF43F72}.Debug|Any CPU.ActiveCfg = Debug|Any CPU
		{F6423666-DBA6-4E38-9C97-458B8EF43F72}.Debug|Any CPU.Build.0 = Debug|Any CPU
		{F6423666-DBA6-4E38-9C97-458B8EF43F72}.Debug|Mixed Platforms.ActiveCfg = Debug|Any CPU
		{F6423666-DBA6-4E38-9C97-458B8EF43F72}.Debug|Mixed Platforms.Build.0 = Debug|Any CPU
		{F6423666-DBA6-4E38-9C97-458B8EF43F72}.Debug|Win32.ActiveCfg = Debug|Any CPU
		{F6423666-DBA6-4E38-9C97-458B8EF43F72}.Debug|x64.ActiveCfg = Debug|x64
		{F6423666-DBA6-4E38-9C97-458B8EF43F72}.Debug|x64.Build.0 = Debug|x64
		{F6423666-DBA6-4E38-9C97-458B8EF43F72}.Debug|x86.ActiveCfg = Debug|Any CPU
		{F6423666-DBA6-4E38-9C97-458B8EF43F72}.Release|Any CPU.ActiveCfg = Release|Any CPU
		{F6423666-DBA6-4E38-9C97-458B8EF43F72}.Release|Any CPU.Build.0 = Release|Any CPU
		{F6423666-DBA6-4E38-9C97-458B8EF43F72}.Release|Mixed Platforms.ActiveCfg = Release|Any CPU
		{F6423666-DBA6-4E38-9C97-458B8EF43F72}.Release|Mixed Platforms.Build.0 = Release|Any CPU
		{F6423666-DBA6-4E38-9C97-458B8EF43F72}.Release|Win32.ActiveCfg = Release|Any CPU
		{F6423666-DBA6-4E38-9C97-458B8EF43F72}.Release|Win32.Build.0 = Release|Any CPU
		{F6423666-DBA6-4E38-9C97-458B8EF43F72}.Release|x64.ActiveCfg = Release|x64
		{F6423666-DBA6-4E38-9C97-458B8EF43F72}.Release|x64.Build.0 = Release|x64
		{F6423666-DBA6-4E38-9C97-458B8EF43F72}.Release|x86.ActiveCfg = Release|x86
		{9D4756D3-50DE-4A6E-A3D8-59A009C960CF}.Debug|Any CPU.ActiveCfg = Debug|Win32
		{9D4756D3-50DE-4A6E-A3D8-59A009C960CF}.Debug|Mixed Platforms.ActiveCfg = Debug|Win32
		{9D4756D3-50DE-4A6E-A3D8-59A009C960CF}.Debug|Mixed Platforms.Build.0 = Debug|Win32
		{9D4756D3-50DE-4A6E-A3D8-59A009C960CF}.Debug|Win32.ActiveCfg = Debug|Win32
		{9D4756D3-50DE-4A6E-A3D8-59A009C960CF}.Debug|Win32.Build.0 = Debug|Win32
		{9D4756D3-50DE-4A6E-A3D8-59A009C960CF}.Debug|x64.ActiveCfg = Debug|x64
		{9D4756D3-50DE-4A6E-A3D8-59A009C960CF}.Debug|x64.Build.0 = Debug|x64
		{9D4756D3-50DE-4A6E-A3D8-59A009C960CF}.Debug|x86.ActiveCfg = Debug|Win32
		{9D4756D3-50DE-4A6E-A3D8-59A009C960CF}.Release|Any CPU.ActiveCfg = Release|Win32
		{9D4756D3-50DE-4A6E-A3D8-59A009C960CF}.Release|Mixed Platforms.ActiveCfg = Release|Win32
		{9D4756D3-50DE-4A6E-A3D8-59A009C960CF}.Release|Mixed Platforms.Build.0 = Release|Win32
		{9D4756D3-50DE-4A6E-A3D8-59A009C960CF}.Release|Win32.ActiveCfg = Release|Win32
		{9D4756D3-50DE-4A6E-A3D8-59A009C960CF}.Release|Win32.Build.0 = Release|Win32
		{9D4756D3-50DE-4A6E-A3D8-59A009C960CF}.Release|x64.ActiveCfg = Release|x64
		{9D4756D3-50DE-4A6E-A3D8-59A009C960CF}.Release|x64.Build.0 = Release|x64
		{9D4756D3-50DE-4A6E-A3D8-59A009C960CF}.Release|x86.ActiveCfg = Release|Win32
		{460AEC53-9881-4D64-8974-02238624D44C}.Debug|Any CPU.ActiveCfg = Debug
		{460AEC53-9881-4D64-8974-02238624D44C}.Debug|Mixed Platforms.ActiveCfg = Debug
		{460AEC53-9881-4D64-8974-02238624D44C}.Debug|Win32.ActiveCfg = Debug
		{460AEC53-9881-4D64-8974-02238624D44C}.Debug|x64.ActiveCfg = Debug
		{460AEC53-9881-4D64-8974-02238624D44C}.Debug|x64.Build.0 = Debug
		{460AEC53-9881-4D64-8974-02238624D44C}.Debug|x86.ActiveCfg = Debug
		{460AEC53-9881-4D64-8974-02238624D44C}.Release|Any CPU.ActiveCfg = Release
		{460AEC53-9881-4D64-8974-02238624D44C}.Release|Mixed Platforms.ActiveCfg = Release
		{460AEC53-9881-4D64-8974-02238624D44C}.Release|Win32.ActiveCfg = Release
		{460AEC53-9881-4D64-8974-02238624D44C}.Release|x64.ActiveCfg = Release
		{460AEC53-9881-4D64-8974-02238624D44C}.Release|x64.Build.0 = Release
		{460AEC53-9881-4D64-8974-02238624D44C}.Release|x86.ActiveCfg = Release
		{35852216-D1C8-4D12-954B-C2EAB3FB34F8}.Debug|Any CPU.ActiveCfg = Debug|Win32
		{35852216-D1C8-4D12-954B-C2EAB3FB34F8}.Debug|Mixed Platforms.ActiveCfg = Debug|Win32
		{35852216-D1C8-4D12-954B-C2EAB3FB34F8}.Debug|Mixed Platforms.Build.0 = Debug|Win32
		{35852216-D1C8-4D12-954B-C2EAB3FB34F8}.Debug|Win32.ActiveCfg = Debug|Win32
		{35852216-D1C8-4D12-954B-C2EAB3FB34F8}.Debug|Win32.Build.0 = Debug|Win32
		{35852216-D1C8-4D12-954B-C2EAB3FB34F8}.Debug|x64.ActiveCfg = Debug|x64
		{35852216-D1C8-4D12-954B-C2EAB3FB34F8}.Debug|x64.Build.0 = Debug|x64
		{35852216-D1C8-4D12-954B-C2EAB3FB34F8}.Debug|x86.ActiveCfg = Debug|Win32
		{35852216-D1C8-4D12-954B-C2EAB3FB34F8}.Release|Any CPU.ActiveCfg = Release|Win32
		{35852216-D1C8-4D12-954B-C2EAB3FB34F8}.Release|Mixed Platforms.ActiveCfg = Release|Win32
		{35852216-D1C8-4D12-954B-C2EAB3FB34F8}.Release|Mixed Platforms.Build.0 = Release|Win32
		{35852216-D1C8-4D12-954B-C2EAB3FB34F8}.Release|Win32.ActiveCfg = Release|Win32
		{35852216-D1C8-4D12-954B-C2EAB3FB34F8}.Release|Win32.Build.0 = Release|Win32
		{35852216-D1C8-4D12-954B-C2EAB3FB34F8}.Release|x64.ActiveCfg = Release|x64
		{35852216-D1C8-4D12-954B-C2EAB3FB34F8}.Release|x64.Build.0 = Release|x64
		{35852216-D1C8-4D12-954B-C2EAB3FB34F8}.Release|x86.ActiveCfg = Release|Win32
		{DCF3DF7F-E8D3-4E20-A8FF-E53891D0E6A0}.Debug|Any CPU.ActiveCfg = Debug
		{DCF3DF7F-E8D3-4E20-A8FF-E53891D0E6A0}.Debug|Any CPU.Build.0 = Debug
		{DCF3DF7F-E8D3-4E20-A8FF-E53891D0E6A0}.Debug|Mixed Platforms.ActiveCfg = Debug
		{DCF3DF7F-E8D3-4E20-A8FF-E53891D0E6A0}.Debug|Mixed Platforms.Build.0 = Debug
		{DCF3DF7F-E8D3-4E20-A8FF-E53891D0E6A0}.Debug|Win32.ActiveCfg = Debug
		{DCF3DF7F-E8D3-4E20-A8FF-E53891D0E6A0}.Debug|Win32.Build.0 = Debug
		{DCF3DF7F-E8D3-4E20-A8FF-E53891D0E6A0}.Debug|x64.ActiveCfg = Debug
		{DCF3DF7F-E8D3-4E20-A8FF-E53891D0E6A0}.Debug|x64.Build.0 = Debug
		{DCF3DF7F-E8D3-4E20-A8FF-E53891D0E6A0}.Debug|x86.ActiveCfg = Debug
		{DCF3DF7F-E8D3-4E20-A8FF-E53891D0E6A0}.Debug|x86.Build.0 = Debug
		{DCF3DF7F-E8D3-4E20-A8FF-E53891D0E6A0}.Release|Any CPU.ActiveCfg = Release
		{DCF3DF7F-E8D3-4E20-A8FF-E53891D0E6A0}.Release|Any CPU.Build.0 = Release
		{DCF3DF7F-E8D3-4E20-A8FF-E53891D0E6A0}.Release|Mixed Platforms.ActiveCfg = Release
		{DCF3DF7F-E8D3-4E20-A8FF-E53891D0E6A0}.Release|Mixed Platforms.Build.0 = Release
		{DCF3DF7F-E8D3-4E20-A8FF-E53891D0E6A0}.Release|Win32.ActiveCfg = Release
		{DCF3DF7F-E8D3-4E20-A8FF-E53891D0E6A0}.Release|Win32.Build.0 = Release
		{DCF3DF7F-E8D3-4E20-A8FF-E53891D0E6A0}.Release|x64.ActiveCfg = Release
		{DCF3DF7F-E8D3-4E20-A8FF-E53891D0E6A0}.Release|x64.Build.0 = Release
		{DCF3DF7F-E8D3-4E20-A8FF-E53891D0E6A0}.Release|x86.ActiveCfg = Release
		{DCF3DF7F-E8D3-4E20-A8FF-E53891D0E6A0}.Release|x86.Build.0 = Release
		{BA75CD94-7CE3-4CC3-ADF7-6D0183B5977B}.Debug|Any CPU.ActiveCfg = Debug|x86
		{BA75CD94-7CE3-4CC3-ADF7-6D0183B5977B}.Debug|Mixed Platforms.ActiveCfg = Debug|x86
		{BA75CD94-7CE3-4CC3-ADF7-6D0183B5977B}.Debug|Mixed Platforms.Build.0 = Debug|x86
		{BA75CD94-7CE3-4CC3-ADF7-6D0183B5977B}.Debug|Win32.ActiveCfg = Debug|x86
		{BA75CD94-7CE3-4CC3-ADF7-6D0183B5977B}.Debug|x64.ActiveCfg = Debug|x86
		{BA75CD94-7CE3-4CC3-ADF7-6D0183B5977B}.Debug|x86.ActiveCfg = Debug|x86
		{BA75CD94-7CE3-4CC3-ADF7-6D0183B5977B}.Debug|x86.Build.0 = Debug|x86
		{BA75CD94-7CE3-4CC3-ADF7-6D0183B5977B}.Release|Any CPU.ActiveCfg = Release|x86
		{BA75CD94-7CE3-4CC3-ADF7-6D0183B5977B}.Release|Mixed Platforms.ActiveCfg = Release|x86
		{BA75CD94-7CE3-4CC3-ADF7-6D0183B5977B}.Release|Mixed Platforms.Build.0 = Release|x86
		{BA75CD94-7CE3-4CC3-ADF7-6D0183B5977B}.Release|Win32.ActiveCfg = Release|Any CPU
		{BA75CD94-7CE3-4CC3-ADF7-6D0183B5977B}.Release|x64.ActiveCfg = Release|x86
		{BA75CD94-7CE3-4CC3-ADF7-6D0183B5977B}.Release|x86.ActiveCfg = Release|x86
		{BA75CD94-7CE3-4CC3-ADF7-6D0183B5977B}.Release|x86.Build.0 = Release|x86
	EndGlobalSection
	GlobalSection(SolutionProperties) = preSolution
		HideSolutionNode = FALSE
	EndGlobalSection
EndGlobal
